// !$*UTF8*$!
{
	archiveVersion = 1;
	classes = {
	};
	objectVersion = 46;
	objects = {

/* Begin PBXBuildFile section */
		C027F6621B5AA54B00BB40BA /* EMActivityManager.m in Sources */ = {isa = PBXBuildFile; fileRef = C027F6611B5AA54B00BB40BA /* EMActivityManager.m */; };
		C03F13CB1B56A90E001653D5 /* CreateActivityViewController.m in Sources */ = {isa = PBXBuildFile; fileRef = C03F13CA1B56A90E001653D5 /* CreateActivityViewController.m */; };
		C04F66F61B65CB60004F0E43 /* DayRecordsChart.m in Sources */ = {isa = PBXBuildFile; fileRef = C04F66F51B65CB60004F0E43 /* DayRecordsChart.m */; };
		C06124C21B60B65400493CEC /* UUBar.m in Sources */ = {isa = PBXBuildFile; fileRef = C06124B71B60B65400493CEC /* UUBar.m */; };
		C06124C31B60B65400493CEC /* UUBarChart.m in Sources */ = {isa = PBXBuildFile; fileRef = C06124B91B60B65400493CEC /* UUBarChart.m */; };
		C06124C41B60B65400493CEC /* UUChart.m in Sources */ = {isa = PBXBuildFile; fileRef = C06124BB1B60B65400493CEC /* UUChart.m */; };
		C06124C51B60B65400493CEC /* UUChartLabel.m in Sources */ = {isa = PBXBuildFile; fileRef = C06124BD1B60B65400493CEC /* UUChartLabel.m */; };
		C06124C61B60B65400493CEC /* UUColor.m in Sources */ = {isa = PBXBuildFile; fileRef = C06124BF1B60B65400493CEC /* UUColor.m */; };
		C06124C71B60B65400493CEC /* UULineChart.m in Sources */ = {isa = PBXBuildFile; fileRef = C06124C11B60B65400493CEC /* UULineChart.m */; };
		C06124DD1B6104AF00493CEC /* ActivityDetail.m in Sources */ = {isa = PBXBuildFile; fileRef = C06124DC1B6104AF00493CEC /* ActivityDetail.m */; };
		C06526D11B53FD6900DF4E34 /* main.m in Sources */ = {isa = PBXBuildFile; fileRef = C06526D01B53FD6900DF4E34 /* main.m */; };
		C06526D41B53FD6900DF4E34 /* AppDelegate.m in Sources */ = {isa = PBXBuildFile; fileRef = C06526D31B53FD6900DF4E34 /* AppDelegate.m */; };
		C06526DA1B53FD6900DF4E34 /* Main.storyboard in Resources */ = {isa = PBXBuildFile; fileRef = C06526D81B53FD6900DF4E34 /* Main.storyboard */; };
		C06526DC1B53FD6900DF4E34 /* Images.xcassets in Resources */ = {isa = PBXBuildFile; fileRef = C06526DB1B53FD6900DF4E34 /* Images.xcassets */; };
		C06526DF1B53FD6900DF4E34 /* LaunchScreen.xib in Resources */ = {isa = PBXBuildFile; fileRef = C06526DD1B53FD6900DF4E34 /* LaunchScreen.xib */; };
		C06C801C1B5F954E001F9A58 /* EMPiss+Dict.m in Sources */ = {isa = PBXBuildFile; fileRef = C06C801B1B5F954E001F9A58 /* EMPiss+Dict.m */; };
		C06C801F1B5F9569001F9A58 /* EMBreastMilk+Dict.m in Sources */ = {isa = PBXBuildFile; fileRef = C06C801E1B5F9569001F9A58 /* EMBreastMilk+Dict.m */; };
		C06C80221B5F957C001F9A58 /* EMPowderMilk+Dict.m in Sources */ = {isa = PBXBuildFile; fileRef = C06C80211B5F957C001F9A58 /* EMPowderMilk+Dict.m */; };
		C06C80251B5F958E001F9A58 /* EMExcrement+Dict.m in Sources */ = {isa = PBXBuildFile; fileRef = C06C80241B5F958E001F9A58 /* EMExcrement+Dict.m */; };
		C06C80281B5F95E8001F9A58 /* EMSleep+Dict.m in Sources */ = {isa = PBXBuildFile; fileRef = C06C80271B5F95E8001F9A58 /* EMSleep+Dict.m */; };
		C06C802B1B5F9835001F9A58 /* NSDateComponents+Dict.m in Sources */ = {isa = PBXBuildFile; fileRef = C06C802A1B5F9835001F9A58 /* NSDateComponents+Dict.m */; };
		C06C802E1B5FC21E001F9A58 /* EMActivityBase+Dict.m in Sources */ = {isa = PBXBuildFile; fileRef = C06C802D1B5FC21E001F9A58 /* EMActivityBase+Dict.m */; };
		C06C80311B5FC283001F9A58 /* EMMilk+Dict.m in Sources */ = {isa = PBXBuildFile; fileRef = C06C80301B5FC283001F9A58 /* EMMilk+Dict.m */; };
		C07852AD1B5FE0FE003F0A8C /* EMDayRecord+Dict.m in Sources */ = {isa = PBXBuildFile; fileRef = C07852AC1B5FE0FE003F0A8C /* EMDayRecord+Dict.m */; };
		C07852B11B606626003F0A8C /* EMGCDMulticastDelegate.m in Sources */ = {isa = PBXBuildFile; fileRef = C07852B01B606626003F0A8C /* EMGCDMulticastDelegate.m */; };
		C09B94121B5624290049B04E /* ActivitySummaryViewController.m in Sources */ = {isa = PBXBuildFile; fileRef = C09B94111B5624290049B04E /* ActivitySummaryViewController.m */; };
		C09B94151B562A5C0049B04E /* ActivitySummary.m in Sources */ = {isa = PBXBuildFile; fileRef = C09B94141B562A5C0049B04E /* ActivitySummary.m */; };
		C09B942A1B57779F0049B04E /* AbstractActionSheetPicker.m in Sources */ = {isa = PBXBuildFile; fileRef = C09B94191B57779F0049B04E /* AbstractActionSheetPicker.m */; };
		C09B942B1B57779F0049B04E /* ActionSheetCustomPicker.m in Sources */ = {isa = PBXBuildFile; fileRef = C09B941B1B57779F0049B04E /* ActionSheetCustomPicker.m */; };
		C09B942C1B57779F0049B04E /* ActionSheetDatePicker.m in Sources */ = {isa = PBXBuildFile; fileRef = C09B941E1B57779F0049B04E /* ActionSheetDatePicker.m */; };
		C09B942D1B57779F0049B04E /* ActionSheetDistancePicker.m in Sources */ = {isa = PBXBuildFile; fileRef = C09B94201B57779F0049B04E /* ActionSheetDistancePicker.m */; };
		C09B942E1B57779F0049B04E /* ActionSheetLocalePicker.m in Sources */ = {isa = PBXBuildFile; fileRef = C09B94221B57779F0049B04E /* ActionSheetLocalePicker.m */; };
		C09B942F1B57779F0049B04E /* ActionSheetStringPicker.m in Sources */ = {isa = PBXBuildFile; fileRef = C09B94251B57779F0049B04E /* ActionSheetStringPicker.m */; };
		C09B94301B57779F0049B04E /* DistancePickerView.m in Sources */ = {isa = PBXBuildFile; fileRef = C09B94271B57779F0049B04E /* DistancePickerView.m */; };
		C09B94311B57779F0049B04E /* SWActionSheet.m in Sources */ = {isa = PBXBuildFile; fileRef = C09B94291B57779F0049B04E /* SWActionSheet.m */; };
		C09B94371B5796CB0049B04E /* NSDate+Category.m in Sources */ = {isa = PBXBuildFile; fileRef = C09B94341B5796CB0049B04E /* NSDate+Category.m */; };
		C09B94381B5796CB0049B04E /* NSDateFormatter+Category.m in Sources */ = {isa = PBXBuildFile; fileRef = C09B94361B5796CB0049B04E /* NSDateFormatter+Category.m */; };
		C09B943B1B579ED40049B04E /* CreateActivity.m in Sources */ = {isa = PBXBuildFile; fileRef = C09B943A1B579ED40049B04E /* CreateActivity.m */; };
		C09B94411B57BBAC0049B04E /* Utility.m in Sources */ = {isa = PBXBuildFile; fileRef = C09B94401B57BBAC0049B04E /* Utility.m */; };
		C09EAEB91B627B5700F0B733 /* ActivityChartViewController.m in Sources */ = {isa = PBXBuildFile; fileRef = C09EAEB81B627B5700F0B733 /* ActivityChartViewController.m */; };
		C09EAEBC1B62BB9900F0B733 /* DayRecordChartViewController.m in Sources */ = {isa = PBXBuildFile; fileRef = C09EAEBB1B62BB9900F0B733 /* DayRecordChartViewController.m */; };
		C0A9C2B01B644A1A00EA5D68 /* DayRecordChart.m in Sources */ = {isa = PBXBuildFile; fileRef = C0A9C2AF1B644A1A00EA5D68 /* DayRecordChart.m */; };
		C0B6F8AF1B6139020063B33C /* ActivityList.m in Sources */ = {isa = PBXBuildFile; fileRef = C0B6F8AE1B6139020063B33C /* ActivityList.m */; };
		C0B8B9F31B58104400DBE54E /* DoneCancelNumberPadToolbar.m in Sources */ = {isa = PBXBuildFile; fileRef = C0B8B9F21B58104400DBE54E /* DoneCancelNumberPadToolbar.m */; };
		C0C00BBE1B552A1500059160 /* EMDayRecord.m in Sources */ = {isa = PBXBuildFile; fileRef = C0C00BBD1B552A1500059160 /* EMDayRecord.m */; };
		C0C00BC11B552A3500059160 /* EMPowderMilk.m in Sources */ = {isa = PBXBuildFile; fileRef = C0C00BC01B552A3500059160 /* EMPowderMilk.m */; };
		C0C00BC41B552A4500059160 /* EMBreastMilk.m in Sources */ = {isa = PBXBuildFile; fileRef = C0C00BC31B552A4500059160 /* EMBreastMilk.m */; };
		C0C00BC71B552A7800059160 /* EMExcrement.m in Sources */ = {isa = PBXBuildFile; fileRef = C0C00BC61B552A7800059160 /* EMExcrement.m */; };
		C0C00BCA1B55352500059160 /* EMPiss.m in Sources */ = {isa = PBXBuildFile; fileRef = C0C00BC91B55352500059160 /* EMPiss.m */; };
		C0C00BCD1B55353F00059160 /* EMSleep.m in Sources */ = {isa = PBXBuildFile; fileRef = C0C00BCC1B55353F00059160 /* EMSleep.m */; };
		C0D36D581B54AAB90014E19A /* EMDBManager.m in Sources */ = {isa = PBXBuildFile; fileRef = C0D36D571B54AAB90014E19A /* EMDBManager.m */; };
		C0D36D5D1B54AC600014E19A /* EMDBManagerImplPlist.m in Sources */ = {isa = PBXBuildFile; fileRef = C0D36D5C1B54AC600014E19A /* EMDBManagerImplPlist.m */; };
		C0E1206B1B556484001F90E8 /* EMActivityBase.m in Sources */ = {isa = PBXBuildFile; fileRef = C0E1206A1B556484001F90E8 /* EMActivityBase.m */; };
		C0E1206E1B55856E001F90E8 /* EMMilk.m in Sources */ = {isa = PBXBuildFile; fileRef = C0E1206D1B55856E001F90E8 /* EMMilk.m */; };
		C0E120721B55870F001F90E8 /* MainViewController.m in Sources */ = {isa = PBXBuildFile; fileRef = C0E120711B55870F001F90E8 /* MainViewController.m */; };
		C0E1207B1B55888D001F90E8 /* ActivityListViewController.m in Sources */ = {isa = PBXBuildFile; fileRef = C0E1207A1B55888D001F90E8 /* ActivityListViewController.m */; };
		C0E1207E1B55889B001F90E8 /* ActivityDetailViewController.m in Sources */ = {isa = PBXBuildFile; fileRef = C0E1207D1B55889A001F90E8 /* ActivityDetailViewController.m */; };
		C0E120811B5588D2001F90E8 /* ToolboxViewController.m in Sources */ = {isa = PBXBuildFile; fileRef = C0E120801B5588D2001F90E8 /* ToolboxViewController.m */; };
		C0E120841B5588DE001F90E8 /* SettingsViewController.m in Sources */ = {isa = PBXBuildFile; fileRef = C0E120831B5588DE001F90E8 /* SettingsViewController.m */; };
/* End PBXBuildFile section */

/* Begin PBXFileReference section */
		C027F6601B5AA54B00BB40BA /* EMActivityManager.h */ = {isa = PBXFileReference; fileEncoding = 4; lastKnownFileType = sourcecode.c.h; path = EMActivityManager.h; sourceTree = "<group>"; };
		C027F6611B5AA54B00BB40BA /* EMActivityManager.m */ = {isa = PBXFileReference; fileEncoding = 4; lastKnownFileType = sourcecode.c.objc; path = EMActivityManager.m; sourceTree = "<group>"; };
		C03F13C91B56A90E001653D5 /* CreateActivityViewController.h */ = {isa = PBXFileReference; fileEncoding = 4; lastKnownFileType = sourcecode.c.h; path = CreateActivityViewController.h; sourceTree = "<group>"; };
		C03F13CA1B56A90E001653D5 /* CreateActivityViewController.m */ = {isa = PBXFileReference; fileEncoding = 4; lastKnownFileType = sourcecode.c.objc; path = CreateActivityViewController.m; sourceTree = "<group>"; };
		C04F66F41B65CB60004F0E43 /* DayRecordsChart.h */ = {isa = PBXFileReference; fileEncoding = 4; lastKnownFileType = sourcecode.c.h; path = DayRecordsChart.h; sourceTree = "<group>"; };
		C04F66F51B65CB60004F0E43 /* DayRecordsChart.m */ = {isa = PBXFileReference; fileEncoding = 4; lastKnownFileType = sourcecode.c.objc; path = DayRecordsChart.m; sourceTree = "<group>"; };
		C06124B61B60B65400493CEC /* UUBar.h */ = {isa = PBXFileReference; fileEncoding = 4; lastKnownFileType = sourcecode.c.h; path = UUBar.h; sourceTree = "<group>"; };
		C06124B71B60B65400493CEC /* UUBar.m */ = {isa = PBXFileReference; fileEncoding = 4; lastKnownFileType = sourcecode.c.objc; path = UUBar.m; sourceTree = "<group>"; };
		C06124B81B60B65400493CEC /* UUBarChart.h */ = {isa = PBXFileReference; fileEncoding = 4; lastKnownFileType = sourcecode.c.h; path = UUBarChart.h; sourceTree = "<group>"; };
		C06124B91B60B65400493CEC /* UUBarChart.m */ = {isa = PBXFileReference; fileEncoding = 4; lastKnownFileType = sourcecode.c.objc; path = UUBarChart.m; sourceTree = "<group>"; };
		C06124BA1B60B65400493CEC /* UUChart.h */ = {isa = PBXFileReference; fileEncoding = 4; lastKnownFileType = sourcecode.c.h; path = UUChart.h; sourceTree = "<group>"; };
		C06124BB1B60B65400493CEC /* UUChart.m */ = {isa = PBXFileReference; fileEncoding = 4; lastKnownFileType = sourcecode.c.objc; path = UUChart.m; sourceTree = "<group>"; };
		C06124BC1B60B65400493CEC /* UUChartLabel.h */ = {isa = PBXFileReference; fileEncoding = 4; lastKnownFileType = sourcecode.c.h; path = UUChartLabel.h; sourceTree = "<group>"; };
		C06124BD1B60B65400493CEC /* UUChartLabel.m */ = {isa = PBXFileReference; fileEncoding = 4; lastKnownFileType = sourcecode.c.objc; path = UUChartLabel.m; sourceTree = "<group>"; };
		C06124BE1B60B65400493CEC /* UUColor.h */ = {isa = PBXFileReference; fileEncoding = 4; lastKnownFileType = sourcecode.c.h; path = UUColor.h; sourceTree = "<group>"; };
		C06124BF1B60B65400493CEC /* UUColor.m */ = {isa = PBXFileReference; fileEncoding = 4; lastKnownFileType = sourcecode.c.objc; path = UUColor.m; sourceTree = "<group>"; };
		C06124C01B60B65400493CEC /* UULineChart.h */ = {isa = PBXFileReference; fileEncoding = 4; lastKnownFileType = sourcecode.c.h; path = UULineChart.h; sourceTree = "<group>"; };
		C06124C11B60B65400493CEC /* UULineChart.m */ = {isa = PBXFileReference; fileEncoding = 4; lastKnownFileType = sourcecode.c.objc; path = UULineChart.m; sourceTree = "<group>"; };
		C06124DB1B6104AF00493CEC /* ActivityDetail.h */ = {isa = PBXFileReference; fileEncoding = 4; lastKnownFileType = sourcecode.c.h; path = ActivityDetail.h; sourceTree = "<group>"; };
		C06124DC1B6104AF00493CEC /* ActivityDetail.m */ = {isa = PBXFileReference; fileEncoding = 4; lastKnownFileType = sourcecode.c.objc; path = ActivityDetail.m; sourceTree = "<group>"; };
		C06526CB1B53FD6900DF4E34 /* WeiNai.app */ = {isa = PBXFileReference; explicitFileType = wrapper.application; includeInIndex = 0; path = WeiNai.app; sourceTree = BUILT_PRODUCTS_DIR; };
		C06526CF1B53FD6900DF4E34 /* Info.plist */ = {isa = PBXFileReference; lastKnownFileType = text.plist.xml; path = Info.plist; sourceTree = "<group>"; };
		C06526D01B53FD6900DF4E34 /* main.m */ = {isa = PBXFileReference; lastKnownFileType = sourcecode.c.objc; path = main.m; sourceTree = "<group>"; };
		C06526D21B53FD6900DF4E34 /* AppDelegate.h */ = {isa = PBXFileReference; lastKnownFileType = sourcecode.c.h; path = AppDelegate.h; sourceTree = "<group>"; };
		C06526D31B53FD6900DF4E34 /* AppDelegate.m */ = {isa = PBXFileReference; lastKnownFileType = sourcecode.c.objc; path = AppDelegate.m; sourceTree = "<group>"; };
		C06526D91B53FD6900DF4E34 /* Base */ = {isa = PBXFileReference; lastKnownFileType = file.storyboard; name = Base; path = Base.lproj/Main.storyboard; sourceTree = "<group>"; };
		C06526DB1B53FD6900DF4E34 /* Images.xcassets */ = {isa = PBXFileReference; lastKnownFileType = folder.assetcatalog; path = Images.xcassets; sourceTree = "<group>"; };
		C06526DE1B53FD6900DF4E34 /* Base */ = {isa = PBXFileReference; lastKnownFileType = file.xib; name = Base; path = Base.lproj/LaunchScreen.xib; sourceTree = "<group>"; };
		C06C801A1B5F954E001F9A58 /* EMPiss+Dict.h */ = {isa = PBXFileReference; fileEncoding = 4; lastKnownFileType = sourcecode.c.h; path = "EMPiss+Dict.h"; sourceTree = "<group>"; };
		C06C801B1B5F954E001F9A58 /* EMPiss+Dict.m */ = {isa = PBXFileReference; fileEncoding = 4; lastKnownFileType = sourcecode.c.objc; path = "EMPiss+Dict.m"; sourceTree = "<group>"; };
		C06C801D1B5F9569001F9A58 /* EMBreastMilk+Dict.h */ = {isa = PBXFileReference; fileEncoding = 4; lastKnownFileType = sourcecode.c.h; path = "EMBreastMilk+Dict.h"; sourceTree = "<group>"; };
		C06C801E1B5F9569001F9A58 /* EMBreastMilk+Dict.m */ = {isa = PBXFileReference; fileEncoding = 4; lastKnownFileType = sourcecode.c.objc; path = "EMBreastMilk+Dict.m"; sourceTree = "<group>"; };
		C06C80201B5F957C001F9A58 /* EMPowderMilk+Dict.h */ = {isa = PBXFileReference; fileEncoding = 4; lastKnownFileType = sourcecode.c.h; path = "EMPowderMilk+Dict.h"; sourceTree = "<group>"; };
		C06C80211B5F957C001F9A58 /* EMPowderMilk+Dict.m */ = {isa = PBXFileReference; fileEncoding = 4; lastKnownFileType = sourcecode.c.objc; path = "EMPowderMilk+Dict.m"; sourceTree = "<group>"; };
		C06C80231B5F958E001F9A58 /* EMExcrement+Dict.h */ = {isa = PBXFileReference; fileEncoding = 4; lastKnownFileType = sourcecode.c.h; path = "EMExcrement+Dict.h"; sourceTree = "<group>"; };
		C06C80241B5F958E001F9A58 /* EMExcrement+Dict.m */ = {isa = PBXFileReference; fileEncoding = 4; lastKnownFileType = sourcecode.c.objc; path = "EMExcrement+Dict.m"; sourceTree = "<group>"; };
		C06C80261B5F95E8001F9A58 /* EMSleep+Dict.h */ = {isa = PBXFileReference; fileEncoding = 4; lastKnownFileType = sourcecode.c.h; path = "EMSleep+Dict.h"; sourceTree = "<group>"; };
		C06C80271B5F95E8001F9A58 /* EMSleep+Dict.m */ = {isa = PBXFileReference; fileEncoding = 4; lastKnownFileType = sourcecode.c.objc; path = "EMSleep+Dict.m"; sourceTree = "<group>"; };
		C06C80291B5F9835001F9A58 /* NSDateComponents+Dict.h */ = {isa = PBXFileReference; fileEncoding = 4; lastKnownFileType = sourcecode.c.h; path = "NSDateComponents+Dict.h"; sourceTree = "<group>"; };
		C06C802A1B5F9835001F9A58 /* NSDateComponents+Dict.m */ = {isa = PBXFileReference; fileEncoding = 4; lastKnownFileType = sourcecode.c.objc; path = "NSDateComponents+Dict.m"; sourceTree = "<group>"; };
		C06C802C1B5FC21E001F9A58 /* EMActivityBase+Dict.h */ = {isa = PBXFileReference; fileEncoding = 4; lastKnownFileType = sourcecode.c.h; path = "EMActivityBase+Dict.h"; sourceTree = "<group>"; };
		C06C802D1B5FC21E001F9A58 /* EMActivityBase+Dict.m */ = {isa = PBXFileReference; fileEncoding = 4; lastKnownFileType = sourcecode.c.objc; path = "EMActivityBase+Dict.m"; sourceTree = "<group>"; };
		C06C802F1B5FC283001F9A58 /* EMMilk+Dict.h */ = {isa = PBXFileReference; fileEncoding = 4; lastKnownFileType = sourcecode.c.h; path = "EMMilk+Dict.h"; sourceTree = "<group>"; };
		C06C80301B5FC283001F9A58 /* EMMilk+Dict.m */ = {isa = PBXFileReference; fileEncoding = 4; lastKnownFileType = sourcecode.c.objc; path = "EMMilk+Dict.m"; sourceTree = "<group>"; };
		C07852AB1B5FE0FE003F0A8C /* EMDayRecord+Dict.h */ = {isa = PBXFileReference; fileEncoding = 4; lastKnownFileType = sourcecode.c.h; path = "EMDayRecord+Dict.h"; sourceTree = "<group>"; };
		C07852AC1B5FE0FE003F0A8C /* EMDayRecord+Dict.m */ = {isa = PBXFileReference; fileEncoding = 4; lastKnownFileType = sourcecode.c.objc; path = "EMDayRecord+Dict.m"; sourceTree = "<group>"; };
		C07852AF1B606626003F0A8C /* EMGCDMulticastDelegate.h */ = {isa = PBXFileReference; fileEncoding = 4; lastKnownFileType = sourcecode.c.h; path = EMGCDMulticastDelegate.h; sourceTree = "<group>"; };
		C07852B01B606626003F0A8C /* EMGCDMulticastDelegate.m */ = {isa = PBXFileReference; fileEncoding = 4; lastKnownFileType = sourcecode.c.objc; path = EMGCDMulticastDelegate.m; sourceTree = "<group>"; };
		C09B94101B5624290049B04E /* ActivitySummaryViewController.h */ = {isa = PBXFileReference; fileEncoding = 4; lastKnownFileType = sourcecode.c.h; path = ActivitySummaryViewController.h; sourceTree = "<group>"; };
		C09B94111B5624290049B04E /* ActivitySummaryViewController.m */ = {isa = PBXFileReference; fileEncoding = 4; lastKnownFileType = sourcecode.c.objc; path = ActivitySummaryViewController.m; sourceTree = "<group>"; };
		C09B94131B562A5C0049B04E /* ActivitySummary.h */ = {isa = PBXFileReference; fileEncoding = 4; lastKnownFileType = sourcecode.c.h; path = ActivitySummary.h; sourceTree = "<group>"; };
		C09B94141B562A5C0049B04E /* ActivitySummary.m */ = {isa = PBXFileReference; fileEncoding = 4; lastKnownFileType = sourcecode.c.objc; path = ActivitySummary.m; sourceTree = "<group>"; };
		C09B94181B57779F0049B04E /* AbstractActionSheetPicker.h */ = {isa = PBXFileReference; fileEncoding = 4; lastKnownFileType = sourcecode.c.h; path = AbstractActionSheetPicker.h; sourceTree = "<group>"; };
		C09B94191B57779F0049B04E /* AbstractActionSheetPicker.m */ = {isa = PBXFileReference; fileEncoding = 4; lastKnownFileType = sourcecode.c.objc; path = AbstractActionSheetPicker.m; sourceTree = "<group>"; };
		C09B941A1B57779F0049B04E /* ActionSheetCustomPicker.h */ = {isa = PBXFileReference; fileEncoding = 4; lastKnownFileType = sourcecode.c.h; path = ActionSheetCustomPicker.h; sourceTree = "<group>"; };
		C09B941B1B57779F0049B04E /* ActionSheetCustomPicker.m */ = {isa = PBXFileReference; fileEncoding = 4; lastKnownFileType = sourcecode.c.objc; path = ActionSheetCustomPicker.m; sourceTree = "<group>"; };
		C09B941C1B57779F0049B04E /* ActionSheetCustomPickerDelegate.h */ = {isa = PBXFileReference; fileEncoding = 4; lastKnownFileType = sourcecode.c.h; path = ActionSheetCustomPickerDelegate.h; sourceTree = "<group>"; };
		C09B941D1B57779F0049B04E /* ActionSheetDatePicker.h */ = {isa = PBXFileReference; fileEncoding = 4; lastKnownFileType = sourcecode.c.h; path = ActionSheetDatePicker.h; sourceTree = "<group>"; };
		C09B941E1B57779F0049B04E /* ActionSheetDatePicker.m */ = {isa = PBXFileReference; fileEncoding = 4; lastKnownFileType = sourcecode.c.objc; path = ActionSheetDatePicker.m; sourceTree = "<group>"; };
		C09B941F1B57779F0049B04E /* ActionSheetDistancePicker.h */ = {isa = PBXFileReference; fileEncoding = 4; lastKnownFileType = sourcecode.c.h; path = ActionSheetDistancePicker.h; sourceTree = "<group>"; };
		C09B94201B57779F0049B04E /* ActionSheetDistancePicker.m */ = {isa = PBXFileReference; fileEncoding = 4; lastKnownFileType = sourcecode.c.objc; path = ActionSheetDistancePicker.m; sourceTree = "<group>"; };
		C09B94211B57779F0049B04E /* ActionSheetLocalePicker.h */ = {isa = PBXFileReference; fileEncoding = 4; lastKnownFileType = sourcecode.c.h; path = ActionSheetLocalePicker.h; sourceTree = "<group>"; };
		C09B94221B57779F0049B04E /* ActionSheetLocalePicker.m */ = {isa = PBXFileReference; fileEncoding = 4; lastKnownFileType = sourcecode.c.objc; path = ActionSheetLocalePicker.m; sourceTree = "<group>"; };
		C09B94231B57779F0049B04E /* ActionSheetPicker.h */ = {isa = PBXFileReference; fileEncoding = 4; lastKnownFileType = sourcecode.c.h; path = ActionSheetPicker.h; sourceTree = "<group>"; };
		C09B94241B57779F0049B04E /* ActionSheetStringPicker.h */ = {isa = PBXFileReference; fileEncoding = 4; lastKnownFileType = sourcecode.c.h; path = ActionSheetStringPicker.h; sourceTree = "<group>"; };
		C09B94251B57779F0049B04E /* ActionSheetStringPicker.m */ = {isa = PBXFileReference; fileEncoding = 4; lastKnownFileType = sourcecode.c.objc; path = ActionSheetStringPicker.m; sourceTree = "<group>"; };
		C09B94261B57779F0049B04E /* DistancePickerView.h */ = {isa = PBXFileReference; fileEncoding = 4; lastKnownFileType = sourcecode.c.h; path = DistancePickerView.h; sourceTree = "<group>"; };
		C09B94271B57779F0049B04E /* DistancePickerView.m */ = {isa = PBXFileReference; fileEncoding = 4; lastKnownFileType = sourcecode.c.objc; path = DistancePickerView.m; sourceTree = "<group>"; };
		C09B94281B57779F0049B04E /* SWActionSheet.h */ = {isa = PBXFileReference; fileEncoding = 4; lastKnownFileType = sourcecode.c.h; path = SWActionSheet.h; sourceTree = "<group>"; };
		C09B94291B57779F0049B04E /* SWActionSheet.m */ = {isa = PBXFileReference; fileEncoding = 4; lastKnownFileType = sourcecode.c.objc; path = SWActionSheet.m; sourceTree = "<group>"; };
		C09B94331B5796CB0049B04E /* NSDate+Category.h */ = {isa = PBXFileReference; fileEncoding = 4; lastKnownFileType = sourcecode.c.h; path = "NSDate+Category.h"; sourceTree = "<group>"; };
		C09B94341B5796CB0049B04E /* NSDate+Category.m */ = {isa = PBXFileReference; fileEncoding = 4; lastKnownFileType = sourcecode.c.objc; path = "NSDate+Category.m"; sourceTree = "<group>"; };
		C09B94351B5796CB0049B04E /* NSDateFormatter+Category.h */ = {isa = PBXFileReference; fileEncoding = 4; lastKnownFileType = sourcecode.c.h; path = "NSDateFormatter+Category.h"; sourceTree = "<group>"; };
		C09B94361B5796CB0049B04E /* NSDateFormatter+Category.m */ = {isa = PBXFileReference; fileEncoding = 4; lastKnownFileType = sourcecode.c.objc; path = "NSDateFormatter+Category.m"; sourceTree = "<group>"; };
		C09B94391B579ED40049B04E /* CreateActivity.h */ = {isa = PBXFileReference; fileEncoding = 4; lastKnownFileType = sourcecode.c.h; path = CreateActivity.h; sourceTree = "<group>"; };
		C09B943A1B579ED40049B04E /* CreateActivity.m */ = {isa = PBXFileReference; fileEncoding = 4; lastKnownFileType = sourcecode.c.objc; path = CreateActivity.m; sourceTree = "<group>"; };
		C09B943F1B57BBAC0049B04E /* Utility.h */ = {isa = PBXFileReference; fileEncoding = 4; lastKnownFileType = sourcecode.c.h; path = Utility.h; sourceTree = "<group>"; };
		C09B94401B57BBAC0049B04E /* Utility.m */ = {isa = PBXFileReference; fileEncoding = 4; lastKnownFileType = sourcecode.c.objc; path = Utility.m; sourceTree = "<group>"; };
		C09EAEB71B627B5700F0B733 /* ActivityChartViewController.h */ = {isa = PBXFileReference; fileEncoding = 4; lastKnownFileType = sourcecode.c.h; path = ActivityChartViewController.h; sourceTree = "<group>"; };
		C09EAEB81B627B5700F0B733 /* ActivityChartViewController.m */ = {isa = PBXFileReference; fileEncoding = 4; lastKnownFileType = sourcecode.c.objc; path = ActivityChartViewController.m; sourceTree = "<group>"; };
		C09EAEBA1B62BB9900F0B733 /* DayRecordChartViewController.h */ = {isa = PBXFileReference; fileEncoding = 4; lastKnownFileType = sourcecode.c.h; path = DayRecordChartViewController.h; sourceTree = "<group>"; };
		C09EAEBB1B62BB9900F0B733 /* DayRecordChartViewController.m */ = {isa = PBXFileReference; fileEncoding = 4; lastKnownFileType = sourcecode.c.objc; path = DayRecordChartViewController.m; sourceTree = "<group>"; };
		C0A9C2AE1B644A1A00EA5D68 /* DayRecordChart.h */ = {isa = PBXFileReference; fileEncoding = 4; lastKnownFileType = sourcecode.c.h; path = DayRecordChart.h; sourceTree = "<group>"; };
		C0A9C2AF1B644A1A00EA5D68 /* DayRecordChart.m */ = {isa = PBXFileReference; fileEncoding = 4; lastKnownFileType = sourcecode.c.objc; path = DayRecordChart.m; sourceTree = "<group>"; };
		C0B6F8AD1B6139020063B33C /* ActivityList.h */ = {isa = PBXFileReference; fileEncoding = 4; lastKnownFileType = sourcecode.c.h; path = ActivityList.h; sourceTree = "<group>"; };
		C0B6F8AE1B6139020063B33C /* ActivityList.m */ = {isa = PBXFileReference; fileEncoding = 4; lastKnownFileType = sourcecode.c.objc; path = ActivityList.m; sourceTree = "<group>"; };
		C0B8B9F11B58104400DBE54E /* DoneCancelNumberPadToolbar.h */ = {isa = PBXFileReference; fileEncoding = 4; lastKnownFileType = sourcecode.c.h; path = DoneCancelNumberPadToolbar.h; sourceTree = "<group>"; };
		C0B8B9F21B58104400DBE54E /* DoneCancelNumberPadToolbar.m */ = {isa = PBXFileReference; fileEncoding = 4; lastKnownFileType = sourcecode.c.objc; path = DoneCancelNumberPadToolbar.m; sourceTree = "<group>"; };
		C0C00BBC1B552A1500059160 /* EMDayRecord.h */ = {isa = PBXFileReference; fileEncoding = 4; lastKnownFileType = sourcecode.c.h; path = EMDayRecord.h; sourceTree = "<group>"; };
		C0C00BBD1B552A1500059160 /* EMDayRecord.m */ = {isa = PBXFileReference; fileEncoding = 4; lastKnownFileType = sourcecode.c.objc; path = EMDayRecord.m; sourceTree = "<group>"; };
		C0C00BBF1B552A3500059160 /* EMPowderMilk.h */ = {isa = PBXFileReference; fileEncoding = 4; lastKnownFileType = sourcecode.c.h; path = EMPowderMilk.h; sourceTree = "<group>"; };
		C0C00BC01B552A3500059160 /* EMPowderMilk.m */ = {isa = PBXFileReference; fileEncoding = 4; lastKnownFileType = sourcecode.c.objc; path = EMPowderMilk.m; sourceTree = "<group>"; };
		C0C00BC21B552A4500059160 /* EMBreastMilk.h */ = {isa = PBXFileReference; fileEncoding = 4; lastKnownFileType = sourcecode.c.h; path = EMBreastMilk.h; sourceTree = "<group>"; };
		C0C00BC31B552A4500059160 /* EMBreastMilk.m */ = {isa = PBXFileReference; fileEncoding = 4; lastKnownFileType = sourcecode.c.objc; path = EMBreastMilk.m; sourceTree = "<group>"; };
		C0C00BC51B552A7800059160 /* EMExcrement.h */ = {isa = PBXFileReference; fileEncoding = 4; lastKnownFileType = sourcecode.c.h; path = EMExcrement.h; sourceTree = "<group>"; };
		C0C00BC61B552A7800059160 /* EMExcrement.m */ = {isa = PBXFileReference; fileEncoding = 4; lastKnownFileType = sourcecode.c.objc; path = EMExcrement.m; sourceTree = "<group>"; };
		C0C00BC81B55352500059160 /* EMPiss.h */ = {isa = PBXFileReference; fileEncoding = 4; lastKnownFileType = sourcecode.c.h; path = EMPiss.h; sourceTree = "<group>"; };
		C0C00BC91B55352500059160 /* EMPiss.m */ = {isa = PBXFileReference; fileEncoding = 4; lastKnownFileType = sourcecode.c.objc; path = EMPiss.m; sourceTree = "<group>"; };
		C0C00BCB1B55353F00059160 /* EMSleep.h */ = {isa = PBXFileReference; fileEncoding = 4; lastKnownFileType = sourcecode.c.h; path = EMSleep.h; sourceTree = "<group>"; };
		C0C00BCC1B55353F00059160 /* EMSleep.m */ = {isa = PBXFileReference; fileEncoding = 4; lastKnownFileType = sourcecode.c.objc; path = EMSleep.m; sourceTree = "<group>"; };
		C0D36D561B54AAB90014E19A /* EMDBManager.h */ = {isa = PBXFileReference; fileEncoding = 4; lastKnownFileType = sourcecode.c.h; path = EMDBManager.h; sourceTree = "<group>"; };
		C0D36D571B54AAB90014E19A /* EMDBManager.m */ = {isa = PBXFileReference; fileEncoding = 4; lastKnownFileType = sourcecode.c.objc; path = EMDBManager.m; sourceTree = "<group>"; };
		C0D36D591B54AB240014E19A /* IDBManagerImpl.h */ = {isa = PBXFileReference; fileEncoding = 4; lastKnownFileType = sourcecode.c.h; path = IDBManagerImpl.h; sourceTree = "<group>"; };
		C0D36D5B1B54AC600014E19A /* EMDBManagerImplPlist.h */ = {isa = PBXFileReference; fileEncoding = 4; lastKnownFileType = sourcecode.c.h; path = EMDBManagerImplPlist.h; sourceTree = "<group>"; };
		C0D36D5C1B54AC600014E19A /* EMDBManagerImplPlist.m */ = {isa = PBXFileReference; fileEncoding = 4; lastKnownFileType = sourcecode.c.objc; path = EMDBManagerImplPlist.m; sourceTree = "<group>"; };
		C0E120691B556484001F90E8 /* EMActivityBase.h */ = {isa = PBXFileReference; fileEncoding = 4; lastKnownFileType = sourcecode.c.h; path = EMActivityBase.h; sourceTree = "<group>"; };
		C0E1206A1B556484001F90E8 /* EMActivityBase.m */ = {isa = PBXFileReference; fileEncoding = 4; lastKnownFileType = sourcecode.c.objc; path = EMActivityBase.m; sourceTree = "<group>"; };
		C0E1206C1B55856E001F90E8 /* EMMilk.h */ = {isa = PBXFileReference; fileEncoding = 4; lastKnownFileType = sourcecode.c.h; path = EMMilk.h; sourceTree = "<group>"; };
		C0E1206D1B55856E001F90E8 /* EMMilk.m */ = {isa = PBXFileReference; fileEncoding = 4; lastKnownFileType = sourcecode.c.objc; path = EMMilk.m; sourceTree = "<group>"; };
		C0E120701B55870F001F90E8 /* MainViewController.h */ = {isa = PBXFileReference; fileEncoding = 4; lastKnownFileType = sourcecode.c.h; path = MainViewController.h; sourceTree = "<group>"; };
		C0E120711B55870F001F90E8 /* MainViewController.m */ = {isa = PBXFileReference; fileEncoding = 4; lastKnownFileType = sourcecode.c.objc; path = MainViewController.m; sourceTree = "<group>"; };
		C0E120791B55888D001F90E8 /* ActivityListViewController.h */ = {isa = PBXFileReference; fileEncoding = 4; lastKnownFileType = sourcecode.c.h; path = ActivityListViewController.h; sourceTree = "<group>"; };
		C0E1207A1B55888D001F90E8 /* ActivityListViewController.m */ = {isa = PBXFileReference; fileEncoding = 4; lastKnownFileType = sourcecode.c.objc; path = ActivityListViewController.m; sourceTree = "<group>"; };
		C0E1207C1B55889A001F90E8 /* ActivityDetailViewController.h */ = {isa = PBXFileReference; fileEncoding = 4; lastKnownFileType = sourcecode.c.h; path = ActivityDetailViewController.h; sourceTree = "<group>"; };
		C0E1207D1B55889A001F90E8 /* ActivityDetailViewController.m */ = {isa = PBXFileReference; fileEncoding = 4; lastKnownFileType = sourcecode.c.objc; path = ActivityDetailViewController.m; sourceTree = "<group>"; };
		C0E1207F1B5588D2001F90E8 /* ToolboxViewController.h */ = {isa = PBXFileReference; fileEncoding = 4; lastKnownFileType = sourcecode.c.h; path = ToolboxViewController.h; sourceTree = "<group>"; };
		C0E120801B5588D2001F90E8 /* ToolboxViewController.m */ = {isa = PBXFileReference; fileEncoding = 4; lastKnownFileType = sourcecode.c.objc; path = ToolboxViewController.m; sourceTree = "<group>"; };
		C0E120821B5588DE001F90E8 /* SettingsViewController.h */ = {isa = PBXFileReference; fileEncoding = 4; lastKnownFileType = sourcecode.c.h; path = SettingsViewController.h; sourceTree = "<group>"; };
		C0E120831B5588DE001F90E8 /* SettingsViewController.m */ = {isa = PBXFileReference; fileEncoding = 4; lastKnownFileType = sourcecode.c.objc; path = SettingsViewController.m; sourceTree = "<group>"; };
		C0E120851B55FC9F001F90E8 /* UIMacros.h */ = {isa = PBXFileReference; lastKnownFileType = sourcecode.c.h; path = UIMacros.h; sourceTree = "<group>"; };
/* End PBXFileReference section */

/* Begin PBXFrameworksBuildPhase section */
		C06526C81B53FD6900DF4E34 /* Frameworks */ = {
			isa = PBXFrameworksBuildPhase;
			buildActionMask = 2147483647;
			files = (
			);
			runOnlyForDeploymentPostprocessing = 0;
		};
/* End PBXFrameworksBuildPhase section */

/* Begin PBXGroup section */
		C06124B51B60B65400493CEC /* UUChart */ = {
			isa = PBXGroup;
			children = (
				C06124B61B60B65400493CEC /* UUBar.h */,
				C06124B71B60B65400493CEC /* UUBar.m */,
				C06124B81B60B65400493CEC /* UUBarChart.h */,
				C06124B91B60B65400493CEC /* UUBarChart.m */,
				C06124BA1B60B65400493CEC /* UUChart.h */,
				C06124BB1B60B65400493CEC /* UUChart.m */,
				C06124BC1B60B65400493CEC /* UUChartLabel.h */,
				C06124BD1B60B65400493CEC /* UUChartLabel.m */,
				C06124BE1B60B65400493CEC /* UUColor.h */,
				C06124BF1B60B65400493CEC /* UUColor.m */,
				C06124C01B60B65400493CEC /* UULineChart.h */,
				C06124C11B60B65400493CEC /* UULineChart.m */,
			);
			path = UUChart;
			sourceTree = "<group>";
		};
		C06526C21B53FD6900DF4E34 = {
			isa = PBXGroup;
			children = (
				C06526CD1B53FD6900DF4E34 /* WeiNai */,
				C06526CC1B53FD6900DF4E34 /* Products */,
			);
			sourceTree = "<group>";
		};
		C06526CC1B53FD6900DF4E34 /* Products */ = {
			isa = PBXGroup;
			children = (
				C06526CB1B53FD6900DF4E34 /* WeiNai.app */,
			);
			name = Products;
			sourceTree = "<group>";
		};
		C06526CD1B53FD6900DF4E34 /* WeiNai */ = {
			isa = PBXGroup;
			children = (
				C0E1206F1B55870F001F90E8 /* ui */,
				C0C00BBB1B552A1500059160 /* types */,
				C0D36D551B54AAB90014E19A /* database */,
				C06526F61B53FD9000DF4E34 /* model */,
				C06526D21B53FD6900DF4E34 /* AppDelegate.h */,
				C06526D31B53FD6900DF4E34 /* AppDelegate.m */,
				C06526D81B53FD6900DF4E34 /* Main.storyboard */,
				C06526DB1B53FD6900DF4E34 /* Images.xcassets */,
				C06526DD1B53FD6900DF4E34 /* LaunchScreen.xib */,
				C06526CE1B53FD6900DF4E34 /* Supporting Files */,
			);
			path = WeiNai;
			sourceTree = "<group>";
		};
		C06526CE1B53FD6900DF4E34 /* Supporting Files */ = {
			isa = PBXGroup;
			children = (
				C06526CF1B53FD6900DF4E34 /* Info.plist */,
				C06526D01B53FD6900DF4E34 /* main.m */,
			);
			name = "Supporting Files";
			sourceTree = "<group>";
		};
		C06526F61B53FD9000DF4E34 /* model */ = {
			isa = PBXGroup;
			children = (
				C07852AE1B606626003F0A8C /* GCDMulticastDelegate */,
				C09B94131B562A5C0049B04E /* ActivitySummary.h */,
				C09B94141B562A5C0049B04E /* ActivitySummary.m */,
				C09B94391B579ED40049B04E /* CreateActivity.h */,
				C09B943A1B579ED40049B04E /* CreateActivity.m */,
				C09B943F1B57BBAC0049B04E /* Utility.h */,
				C09B94401B57BBAC0049B04E /* Utility.m */,
				C027F6601B5AA54B00BB40BA /* EMActivityManager.h */,
				C027F6611B5AA54B00BB40BA /* EMActivityManager.m */,
				C06124DB1B6104AF00493CEC /* ActivityDetail.h */,
				C06124DC1B6104AF00493CEC /* ActivityDetail.m */,
				C0B6F8AD1B6139020063B33C /* ActivityList.h */,
				C0B6F8AE1B6139020063B33C /* ActivityList.m */,
				C0A9C2AE1B644A1A00EA5D68 /* DayRecordChart.h */,
				C0A9C2AF1B644A1A00EA5D68 /* DayRecordChart.m */,
				C04F66F41B65CB60004F0E43 /* DayRecordsChart.h */,
				C04F66F51B65CB60004F0E43 /* DayRecordsChart.m */,
			);
			path = model;
			sourceTree = "<group>";
		};
		C07852AE1B606626003F0A8C /* GCDMulticastDelegate */ = {
			isa = PBXGroup;
			children = (
				C07852AF1B606626003F0A8C /* EMGCDMulticastDelegate.h */,
				C07852B01B606626003F0A8C /* EMGCDMulticastDelegate.m */,
			);
			path = GCDMulticastDelegate;
			sourceTree = "<group>";
		};
		C09B94161B57779F0049B04E /* third_parties */ = {
			isa = PBXGroup;
			children = (
				C06124B51B60B65400493CEC /* UUChart */,
				C0B8B9F01B58104400DBE54E /* DoneCancelNumberPadToolbar */,
				C09B94321B5796CB0049B04E /* catagories */,
				C09B94171B57779F0049B04E /* ActionsheetPickers */,
			);
			path = third_parties;
			sourceTree = "<group>";
		};
		C09B94171B57779F0049B04E /* ActionsheetPickers */ = {
			isa = PBXGroup;
			children = (
				C09B94181B57779F0049B04E /* AbstractActionSheetPicker.h */,
				C09B94191B57779F0049B04E /* AbstractActionSheetPicker.m */,
				C09B941A1B57779F0049B04E /* ActionSheetCustomPicker.h */,
				C09B941B1B57779F0049B04E /* ActionSheetCustomPicker.m */,
				C09B941C1B57779F0049B04E /* ActionSheetCustomPickerDelegate.h */,
				C09B941D1B57779F0049B04E /* ActionSheetDatePicker.h */,
				C09B941E1B57779F0049B04E /* ActionSheetDatePicker.m */,
				C09B941F1B57779F0049B04E /* ActionSheetDistancePicker.h */,
				C09B94201B57779F0049B04E /* ActionSheetDistancePicker.m */,
				C09B94211B57779F0049B04E /* ActionSheetLocalePicker.h */,
				C09B94221B57779F0049B04E /* ActionSheetLocalePicker.m */,
				C09B94231B57779F0049B04E /* ActionSheetPicker.h */,
				C09B94241B57779F0049B04E /* ActionSheetStringPicker.h */,
				C09B94251B57779F0049B04E /* ActionSheetStringPicker.m */,
				C09B94261B57779F0049B04E /* DistancePickerView.h */,
				C09B94271B57779F0049B04E /* DistancePickerView.m */,
				C09B94281B57779F0049B04E /* SWActionSheet.h */,
				C09B94291B57779F0049B04E /* SWActionSheet.m */,
			);
			path = ActionsheetPickers;
			sourceTree = "<group>";
		};
		C09B94321B5796CB0049B04E /* catagories */ = {
			isa = PBXGroup;
			children = (
				C09B94331B5796CB0049B04E /* NSDate+Category.h */,
				C09B94341B5796CB0049B04E /* NSDate+Category.m */,
				C09B94351B5796CB0049B04E /* NSDateFormatter+Category.h */,
				C09B94361B5796CB0049B04E /* NSDateFormatter+Category.m */,
			);
			path = catagories;
			sourceTree = "<group>";
		};
		C0B8B9F01B58104400DBE54E /* DoneCancelNumberPadToolbar */ = {
			isa = PBXGroup;
			children = (
				C0B8B9F11B58104400DBE54E /* DoneCancelNumberPadToolbar.h */,
				C0B8B9F21B58104400DBE54E /* DoneCancelNumberPadToolbar.m */,
			);
			path = DoneCancelNumberPadToolbar;
			sourceTree = "<group>";
		};
		C0C00BBB1B552A1500059160 /* types */ = {
			isa = PBXGroup;
			children = (
				C0C00BBC1B552A1500059160 /* EMDayRecord.h */,
				C0C00BBD1B552A1500059160 /* EMDayRecord.m */,
				C0E1206C1B55856E001F90E8 /* EMMilk.h */,
				C0E1206D1B55856E001F90E8 /* EMMilk.m */,
				C0C00BBF1B552A3500059160 /* EMPowderMilk.h */,
				C0C00BC01B552A3500059160 /* EMPowderMilk.m */,
				C0C00BC21B552A4500059160 /* EMBreastMilk.h */,
				C0C00BC31B552A4500059160 /* EMBreastMilk.m */,
				C0C00BC51B552A7800059160 /* EMExcrement.h */,
				C0C00BC61B552A7800059160 /* EMExcrement.m */,
				C0C00BC81B55352500059160 /* EMPiss.h */,
				C0C00BC91B55352500059160 /* EMPiss.m */,
				C0C00BCB1B55353F00059160 /* EMSleep.h */,
				C0C00BCC1B55353F00059160 /* EMSleep.m */,
				C0E120691B556484001F90E8 /* EMActivityBase.h */,
				C0E1206A1B556484001F90E8 /* EMActivityBase.m */,
			);
			name = types;
			path = model/types;
			sourceTree = "<group>";
		};
		C0D36D551B54AAB90014E19A /* database */ = {
			isa = PBXGroup;
			children = (
				C0D36D5A1B54AC140014E19A /* impl */,
				C0D36D561B54AAB90014E19A /* EMDBManager.h */,
				C0D36D571B54AAB90014E19A /* EMDBManager.m */,
				C0D36D591B54AB240014E19A /* IDBManagerImpl.h */,
			);
			path = database;
			sourceTree = "<group>";
		};
		C0D36D5A1B54AC140014E19A /* impl */ = {
			isa = PBXGroup;
			children = (
				C0D36D5B1B54AC600014E19A /* EMDBManagerImplPlist.h */,
				C0D36D5C1B54AC600014E19A /* EMDBManagerImplPlist.m */,
				C06C801A1B5F954E001F9A58 /* EMPiss+Dict.h */,
				C06C801B1B5F954E001F9A58 /* EMPiss+Dict.m */,
				C06C801D1B5F9569001F9A58 /* EMBreastMilk+Dict.h */,
				C06C801E1B5F9569001F9A58 /* EMBreastMilk+Dict.m */,
				C06C80201B5F957C001F9A58 /* EMPowderMilk+Dict.h */,
				C06C80211B5F957C001F9A58 /* EMPowderMilk+Dict.m */,
				C06C80231B5F958E001F9A58 /* EMExcrement+Dict.h */,
				C06C80241B5F958E001F9A58 /* EMExcrement+Dict.m */,
				C06C80261B5F95E8001F9A58 /* EMSleep+Dict.h */,
				C06C80271B5F95E8001F9A58 /* EMSleep+Dict.m */,
				C06C80291B5F9835001F9A58 /* NSDateComponents+Dict.h */,
				C06C802A1B5F9835001F9A58 /* NSDateComponents+Dict.m */,
				C06C802C1B5FC21E001F9A58 /* EMActivityBase+Dict.h */,
				C06C802D1B5FC21E001F9A58 /* EMActivityBase+Dict.m */,
				C06C802F1B5FC283001F9A58 /* EMMilk+Dict.h */,
				C06C80301B5FC283001F9A58 /* EMMilk+Dict.m */,
				C07852AB1B5FE0FE003F0A8C /* EMDayRecord+Dict.h */,
				C07852AC1B5FE0FE003F0A8C /* EMDayRecord+Dict.m */,
			);
			path = impl;
			sourceTree = "<group>";
		};
		C0E1206F1B55870F001F90E8 /* ui */ = {
			isa = PBXGroup;
			children = (
				C09B94161B57779F0049B04E /* third_parties */,
				C0E120701B55870F001F90E8 /* MainViewController.h */,
				C0E120711B55870F001F90E8 /* MainViewController.m */,
				C09B94101B5624290049B04E /* ActivitySummaryViewController.h */,
				C09B94111B5624290049B04E /* ActivitySummaryViewController.m */,
				C0E120791B55888D001F90E8 /* ActivityListViewController.h */,
				C0E1207A1B55888D001F90E8 /* ActivityListViewController.m */,
				C0E1207C1B55889A001F90E8 /* ActivityDetailViewController.h */,
				C0E1207D1B55889A001F90E8 /* ActivityDetailViewController.m */,
				C0E1207F1B5588D2001F90E8 /* ToolboxViewController.h */,
				C0E120801B5588D2001F90E8 /* ToolboxViewController.m */,
				C0E120821B5588DE001F90E8 /* SettingsViewController.h */,
				C0E120831B5588DE001F90E8 /* SettingsViewController.m */,
				C0E120851B55FC9F001F90E8 /* UIMacros.h */,
				C03F13C91B56A90E001653D5 /* CreateActivityViewController.h */,
				C03F13CA1B56A90E001653D5 /* CreateActivityViewController.m */,
				C09EAEB71B627B5700F0B733 /* ActivityChartViewController.h */,
				C09EAEB81B627B5700F0B733 /* ActivityChartViewController.m */,
				C09EAEBA1B62BB9900F0B733 /* DayRecordChartViewController.h */,
				C09EAEBB1B62BB9900F0B733 /* DayRecordChartViewController.m */,
			);
			path = ui;
			sourceTree = "<group>";
		};
/* End PBXGroup section */

/* Begin PBXNativeTarget section */
		C06526CA1B53FD6900DF4E34 /* WeiNai */ = {
			isa = PBXNativeTarget;
			buildConfigurationList = C06526EE1B53FD6900DF4E34 /* Build configuration list for PBXNativeTarget "WeiNai" */;
			buildPhases = (
				C06526C71B53FD6900DF4E34 /* Sources */,
				C06526C81B53FD6900DF4E34 /* Frameworks */,
				C06526C91B53FD6900DF4E34 /* Resources */,
			);
			buildRules = (
			);
			dependencies = (
			);
			name = WeiNai;
			productName = WeiNai;
			productReference = C06526CB1B53FD6900DF4E34 /* WeiNai.app */;
			productType = "com.apple.product-type.application";
		};
/* End PBXNativeTarget section */

/* Begin PBXProject section */
		C06526C31B53FD6900DF4E34 /* Project object */ = {
			isa = PBXProject;
			attributes = {
				LastUpgradeCheck = 0640;
				ORGANIZATIONNAME = "Ji Fang";
				TargetAttributes = {
					C06526CA1B53FD6900DF4E34 = {
						CreatedOnToolsVersion = 6.4;
					};
				};
			};
			buildConfigurationList = C06526C61B53FD6900DF4E34 /* Build configuration list for PBXProject "WeiNai" */;
			compatibilityVersion = "Xcode 3.2";
			developmentRegion = English;
			hasScannedForEncodings = 0;
			knownRegions = (
				en,
				Base,
			);
			mainGroup = C06526C21B53FD6900DF4E34;
			productRefGroup = C06526CC1B53FD6900DF4E34 /* Products */;
			projectDirPath = "";
			projectRoot = "";
			targets = (
				C06526CA1B53FD6900DF4E34 /* WeiNai */,
			);
		};
/* End PBXProject section */

/* Begin PBXResourcesBuildPhase section */
		C06526C91B53FD6900DF4E34 /* Resources */ = {
			isa = PBXResourcesBuildPhase;
			buildActionMask = 2147483647;
			files = (
				C06526DA1B53FD6900DF4E34 /* Main.storyboard in Resources */,
				C06526DF1B53FD6900DF4E34 /* LaunchScreen.xib in Resources */,
				C06526DC1B53FD6900DF4E34 /* Images.xcassets in Resources */,
			);
			runOnlyForDeploymentPostprocessing = 0;
		};
/* End PBXResourcesBuildPhase section */

/* Begin PBXSourcesBuildPhase section */
		C06526C71B53FD6900DF4E34 /* Sources */ = {
			isa = PBXSourcesBuildPhase;
			buildActionMask = 2147483647;
			files = (
				C0E120721B55870F001F90E8 /* MainViewController.m in Sources */,
				C06124DD1B6104AF00493CEC /* ActivityDetail.m in Sources */,
				C0C00BC71B552A7800059160 /* EMExcrement.m in Sources */,
				C09B942B1B57779F0049B04E /* ActionSheetCustomPicker.m in Sources */,
				C0E1207E1B55889B001F90E8 /* ActivityDetailViewController.m in Sources */,
				C09B94151B562A5C0049B04E /* ActivitySummary.m in Sources */,
				C06C801F1B5F9569001F9A58 /* EMBreastMilk+Dict.m in Sources */,
				C06124C21B60B65400493CEC /* UUBar.m in Sources */,
				C06C802B1B5F9835001F9A58 /* NSDateComponents+Dict.m in Sources */,
				C0E120811B5588D2001F90E8 /* ToolboxViewController.m in Sources */,
				C06C80311B5FC283001F9A58 /* EMMilk+Dict.m in Sources */,
				C07852AD1B5FE0FE003F0A8C /* EMDayRecord+Dict.m in Sources */,
				C09B942D1B57779F0049B04E /* ActionSheetDistancePicker.m in Sources */,
				C09B94411B57BBAC0049B04E /* Utility.m in Sources */,
				C09B94381B5796CB0049B04E /* NSDateFormatter+Category.m in Sources */,
				C09B94311B57779F0049B04E /* SWActionSheet.m in Sources */,
				C0C00BC41B552A4500059160 /* EMBreastMilk.m in Sources */,
				C06C802E1B5FC21E001F9A58 /* EMActivityBase+Dict.m in Sources */,
				C07852B11B606626003F0A8C /* EMGCDMulticastDelegate.m in Sources */,
				C06124C61B60B65400493CEC /* UUColor.m in Sources */,
				C09EAEB91B627B5700F0B733 /* ActivityChartViewController.m in Sources */,
				C0E1206E1B55856E001F90E8 /* EMMilk.m in Sources */,
				C09B94121B5624290049B04E /* ActivitySummaryViewController.m in Sources */,
				C06C801C1B5F954E001F9A58 /* EMPiss+Dict.m in Sources */,
				C06124C51B60B65400493CEC /* UUChartLabel.m in Sources */,
				C0D36D581B54AAB90014E19A /* EMDBManager.m in Sources */,
				C06124C71B60B65400493CEC /* UULineChart.m in Sources */,
				C0B6F8AF1B6139020063B33C /* ActivityList.m in Sources */,
				C09B943B1B579ED40049B04E /* CreateActivity.m in Sources */,
				C06124C41B60B65400493CEC /* UUChart.m in Sources */,
				C09B942E1B57779F0049B04E /* ActionSheetLocalePicker.m in Sources */,
				C0C00BCD1B55353F00059160 /* EMSleep.m in Sources */,
				C0E1206B1B556484001F90E8 /* EMActivityBase.m in Sources */,
				C06526D41B53FD6900DF4E34 /* AppDelegate.m in Sources */,
				C0A9C2B01B644A1A00EA5D68 /* DayRecordChart.m in Sources */,
				C0E120841B5588DE001F90E8 /* SettingsViewController.m in Sources */,
				C09EAEBC1B62BB9900F0B733 /* DayRecordChartViewController.m in Sources */,
				C03F13CB1B56A90E001653D5 /* CreateActivityViewController.m in Sources */,
				C06C80251B5F958E001F9A58 /* EMExcrement+Dict.m in Sources */,
				C06526D11B53FD6900DF4E34 /* main.m in Sources */,
				C09B94301B57779F0049B04E /* DistancePickerView.m in Sources */,
				C09B942F1B57779F0049B04E /* ActionSheetStringPicker.m in Sources */,
				C09B942C1B57779F0049B04E /* ActionSheetDatePicker.m in Sources */,
				C0B8B9F31B58104400DBE54E /* DoneCancelNumberPadToolbar.m in Sources */,
				C06C80221B5F957C001F9A58 /* EMPowderMilk+Dict.m in Sources */,
				C06124C31B60B65400493CEC /* UUBarChart.m in Sources */,
				C027F6621B5AA54B00BB40BA /* EMActivityManager.m in Sources */,
				C09B942A1B57779F0049B04E /* AbstractActionSheetPicker.m in Sources */,
				C0C00BCA1B55352500059160 /* EMPiss.m in Sources */,
				C0C00BBE1B552A1500059160 /* EMDayRecord.m in Sources */,
				C0D36D5D1B54AC600014E19A /* EMDBManagerImplPlist.m in Sources */,
				C0C00BC11B552A3500059160 /* EMPowderMilk.m in Sources */,
				C06C80281B5F95E8001F9A58 /* EMSleep+Dict.m in Sources */,
				C09B94371B5796CB0049B04E /* NSDate+Category.m in Sources */,
				C04F66F61B65CB60004F0E43 /* DayRecordsChart.m in Sources */,
				C0E1207B1B55888D001F90E8 /* ActivityListViewController.m in Sources */,
			);
			runOnlyForDeploymentPostprocessing = 0;
		};
/* End PBXSourcesBuildPhase section */

/* Begin PBXVariantGroup section */
		C06526D81B53FD6900DF4E34 /* Main.storyboard */ = {
			isa = PBXVariantGroup;
			children = (
				C06526D91B53FD6900DF4E34 /* Base */,
			);
			name = Main.storyboard;
			sourceTree = "<group>";
		};
		C06526DD1B53FD6900DF4E34 /* LaunchScreen.xib */ = {
			isa = PBXVariantGroup;
			children = (
				C06526DE1B53FD6900DF4E34 /* Base */,
			);
			name = LaunchScreen.xib;
			sourceTree = "<group>";
		};
/* End PBXVariantGroup section */

/* Begin XCBuildConfiguration section */
		C06526EC1B53FD6900DF4E34 /* Debug */ = {
			isa = XCBuildConfiguration;
			buildSettings = {
				ALWAYS_SEARCH_USER_PATHS = NO;
				CLANG_CXX_LANGUAGE_STANDARD = "gnu++0x";
				CLANG_CXX_LIBRARY = "libc++";
				CLANG_ENABLE_MODULES = YES;
				CLANG_ENABLE_OBJC_ARC = YES;
				CLANG_WARN_BOOL_CONVERSION = YES;
				CLANG_WARN_CONSTANT_CONVERSION = YES;
				CLANG_WARN_DIRECT_OBJC_ISA_USAGE = YES_ERROR;
				CLANG_WARN_EMPTY_BODY = YES;
				CLANG_WARN_ENUM_CONVERSION = YES;
				CLANG_WARN_INT_CONVERSION = YES;
				CLANG_WARN_OBJC_ROOT_CLASS = YES_ERROR;
				CLANG_WARN_UNREACHABLE_CODE = YES;
				CLANG_WARN__DUPLICATE_METHOD_MATCH = YES;
				"CODE_SIGN_IDENTITY[sdk=iphoneos*]" = "iPhone Developer";
				COPY_PHASE_STRIP = NO;
				DEBUG_INFORMATION_FORMAT = "dwarf-with-dsym";
				ENABLE_STRICT_OBJC_MSGSEND = YES;
				GCC_C_LANGUAGE_STANDARD = gnu99;
				GCC_DYNAMIC_NO_PIC = NO;
				GCC_NO_COMMON_BLOCKS = YES;
				GCC_OPTIMIZATION_LEVEL = 0;
				GCC_PREPROCESSOR_DEFINITIONS = (
					"DEBUG=1",
					"$(inherited)",
				);
				GCC_SYMBOLS_PRIVATE_EXTERN = NO;
				GCC_WARN_64_TO_32_BIT_CONVERSION = YES;
				GCC_WARN_ABOUT_RETURN_TYPE = YES_ERROR;
				GCC_WARN_UNDECLARED_SELECTOR = YES;
				GCC_WARN_UNINITIALIZED_AUTOS = YES_AGGRESSIVE;
				GCC_WARN_UNUSED_FUNCTION = YES;
				GCC_WARN_UNUSED_VARIABLE = YES;
				IPHONEOS_DEPLOYMENT_TARGET = 7.0;
				MTL_ENABLE_DEBUG_INFO = YES;
				ONLY_ACTIVE_ARCH = YES;
				SDKROOT = iphoneos;
				TARGETED_DEVICE_FAMILY = "1,2";
			};
			name = Debug;
		};
		C06526ED1B53FD6900DF4E34 /* Release */ = {
			isa = XCBuildConfiguration;
			buildSettings = {
				ALWAYS_SEARCH_USER_PATHS = NO;
				CLANG_CXX_LANGUAGE_STANDARD = "gnu++0x";
				CLANG_CXX_LIBRARY = "libc++";
				CLANG_ENABLE_MODULES = YES;
				CLANG_ENABLE_OBJC_ARC = YES;
				CLANG_WARN_BOOL_CONVERSION = YES;
				CLANG_WARN_CONSTANT_CONVERSION = YES;
				CLANG_WARN_DIRECT_OBJC_ISA_USAGE = YES_ERROR;
				CLANG_WARN_EMPTY_BODY = YES;
				CLANG_WARN_ENUM_CONVERSION = YES;
				CLANG_WARN_INT_CONVERSION = YES;
				CLANG_WARN_OBJC_ROOT_CLASS = YES_ERROR;
				CLANG_WARN_UNREACHABLE_CODE = YES;
				CLANG_WARN__DUPLICATE_METHOD_MATCH = YES;
				"CODE_SIGN_IDENTITY[sdk=iphoneos*]" = "iPhone Developer";
				COPY_PHASE_STRIP = NO;
				DEBUG_INFORMATION_FORMAT = "dwarf-with-dsym";
				ENABLE_NS_ASSERTIONS = NO;
				ENABLE_STRICT_OBJC_MSGSEND = YES;
				GCC_C_LANGUAGE_STANDARD = gnu99;
				GCC_NO_COMMON_BLOCKS = YES;
				GCC_WARN_64_TO_32_BIT_CONVERSION = YES;
				GCC_WARN_ABOUT_RETURN_TYPE = YES_ERROR;
				GCC_WARN_UNDECLARED_SELECTOR = YES;
				GCC_WARN_UNINITIALIZED_AUTOS = YES_AGGRESSIVE;
				GCC_WARN_UNUSED_FUNCTION = YES;
				GCC_WARN_UNUSED_VARIABLE = YES;
				IPHONEOS_DEPLOYMENT_TARGET = 7.0;
				MTL_ENABLE_DEBUG_INFO = NO;
				SDKROOT = iphoneos;
				TARGETED_DEVICE_FAMILY = "1,2";
				VALIDATE_PRODUCT = YES;
			};
			name = Release;
		};
		C06526EF1B53FD6900DF4E34 /* Debug */ = {
			isa = XCBuildConfiguration;
			buildSettings = {
				ASSETCATALOG_COMPILER_APPICON_NAME = AppIcon;
				ASSETCATALOG_COMPILER_LAUNCHIMAGE_NAME = LaunchImage;
				INFOPLIST_FILE = WeiNai/Info.plist;
				LD_RUNPATH_SEARCH_PATHS = "$(inherited) @executable_path/Frameworks";
				PRODUCT_NAME = "$(TARGET_NAME)";
			};
			name = Debug;
		};
		C06526F01B53FD6900DF4E34 /* Release */ = {
			isa = XCBuildConfiguration;
			buildSettings = {
				ASSETCATALOG_COMPILER_APPICON_NAME = AppIcon;
				ASSETCATALOG_COMPILER_LAUNCHIMAGE_NAME = LaunchImage;
				INFOPLIST_FILE = WeiNai/Info.plist;
				LD_RUNPATH_SEARCH_PATHS = "$(inherited) @executable_path/Frameworks";
				PRODUCT_NAME = "$(TARGET_NAME)";
			};
			name = Release;
		};
/* End XCBuildConfiguration section */

/* Begin XCConfigurationList section */
		C06526C61B53FD6900DF4E34 /* Build configuration list for PBXProject "WeiNai" */ = {
			isa = XCConfigurationList;
			buildConfigurations = (
				C06526EC1B53FD6900DF4E34 /* Debug */,
				C06526ED1B53FD6900DF4E34 /* Release */,
			);
			defaultConfigurationIsVisible = 0;
			defaultConfigurationName = Release;
		};
		C06526EE1B53FD6900DF4E34 /* Build configuration list for PBXNativeTarget "WeiNai" */ = {
			isa = XCConfigurationList;
			buildConfigurations = (
				C06526EF1B53FD6900DF4E34 /* Debug */,
				C06526F01B53FD6900DF4E34 /* Release */,
			);
			defaultConfigurationIsVisible = 0;
			defaultConfigurationName = Release;
		};
/* End XCConfigurationList section */
	};
	rootObject = C06526C31B53FD6900DF4E34 /* Project object */;
}
